
Microsoft Visual Studio Solution File, Format Version 12.00
# Visual Studio Version 17
VisualStudioVersion = 17.7.34221.43
MinimumVisualStudioVersion = 10.0.40219.1
Project("{FAE04EC0-301F-11D3-BF4B-00C04F79EFBC}") = "ShopWebApp", "ShopWebApp\ShopWebApp.csproj", "{BB9F27D8-C00D-4694-BB0B-58D1F75A9D13}"
EndProject
Global
	GlobalSection(SolutionConfigurationPlatforms) = preSolution
		Debug|Any CPU = Debug|Any CPU
		Release|Any CPU = Release|Any CPU
	EndGlobalSection
	GlobalSection(ProjectConfigurationPlatforms) = postSolution
		{BB9F27D8-C00D-4694-BB0B-58D1F75A9D13}.Debug|Any CPU.ActiveCfg = Debug|Any CPU
		{BB9F27D8-C00D-4694-BB0B-58D1F75A9D13}.Debug|Any CPU.Build.0 = Debug|Any CPU
		{BB9F27D8-C00D-4694-BB0B-58D1F75A9D13}.Release|Any CPU.ActiveCfg = Release|Any CPU
		{BB9F27D8-C00D-4694-BB0B-58D1F75A9D13}.Release|Any CPU.Build.0 = Release|Any CPU
	EndGlobalSection
	GlobalSection(SolutionProperties) = preSolution
		HideSolutionNode = FALSE
	EndGlobalSection
	GlobalSection(ExtensibilityGlobals) = postSolution
		SolutionGuid = {4452BA09-ACCC-400A-9274-9D49BB9348E5}
	EndGlobalSection
EndGlobal
